
Microsoft Visual Studio Solution File, Format Version 12.00
# Visual Studio 15
VisualStudioVersion = 15.0.27130.2026
MinimumVisualStudioVersion = 10.0.40219.1
Project("{FAE04EC0-301F-11D3-BF4B-00C04F79EFBC}") = "Quiron.LojaVirtual.Dominio", "Quiron.LojaVirtual.Dominio\Quiron.LojaVirtual.Dominio.csproj", "{2FE308F5-A72C-4D93-A50F-D5461301D690}"
EndProject
Project("{FAE04EC0-301F-11D3-BF4B-00C04F79EFBC}") = "Quiron.LojaVirtual.Web", "Quiron.LojaVirtual.Web\Quiron.LojaVirtual.Web.csproj", "{4E6BCD04-C45A-4D77-8C70-6B75999CF7BC}"
EndProject
Project("{FAE04EC0-301F-11D3-BF4B-00C04F79EFBC}") = "Quiron.LojaVirtual.UnitTest", "Quiron.LojaVirtual.UnitTest\Quiron.LojaVirtual.UnitTest.csproj", "{FE4FCA65-7175-4F2A-9708-BF9110AF7464}"
EndProject
Global
	GlobalSection(SolutionConfigurationPlatforms) = preSolution
		Debug|Any CPU = Debug|Any CPU
		Release|Any CPU = Release|Any CPU
	EndGlobalSection
	GlobalSection(ProjectConfigurationPlatforms) = postSolution
		{2FE308F5-A72C-4D93-A50F-D5461301D690}.Debug|Any CPU.ActiveCfg = Debug|Any CPU
		{2FE308F5-A72C-4D93-A50F-D5461301D690}.Debug|Any CPU.Build.0 = Debug|Any CPU
		{2FE308F5-A72C-4D93-A50F-D5461301D690}.Release|Any CPU.ActiveCfg = Release|Any CPU
		{2FE308F5-A72C-4D93-A50F-D5461301D690}.Release|Any CPU.Build.0 = Release|Any CPU
		{4E6BCD04-C45A-4D77-8C70-6B75999CF7BC}.Debug|Any CPU.ActiveCfg = Debug|Any CPU
		{4E6BCD04-C45A-4D77-8C70-6B75999CF7BC}.Debug|Any CPU.Build.0 = Debug|Any CPU
		{4E6BCD04-C45A-4D77-8C70-6B75999CF7BC}.Release|Any CPU.ActiveCfg = Release|Any CPU
		{4E6BCD04-C45A-4D77-8C70-6B75999CF7BC}.Release|Any CPU.Build.0 = Release|Any CPU
		{FE4FCA65-7175-4F2A-9708-BF9110AF7464}.Debug|Any CPU.ActiveCfg = Debug|Any CPU
		{FE4FCA65-7175-4F2A-9708-BF9110AF7464}.Debug|Any CPU.Build.0 = Debug|Any CPU
		{FE4FCA65-7175-4F2A-9708-BF9110AF7464}.Release|Any CPU.ActiveCfg = Release|Any CPU
		{FE4FCA65-7175-4F2A-9708-BF9110AF7464}.Release|Any CPU.Build.0 = Release|Any CPU
	EndGlobalSection
	GlobalSection(SolutionProperties) = preSolution
		HideSolutionNode = FALSE
	EndGlobalSection
	GlobalSection(ExtensibilityGlobals) = postSolution
		SolutionGuid = {4298C018-06E5-4E95-BD71-E7AB3951D1C4}
	EndGlobalSection
EndGlobal
